
Microsoft Visual Studio Solution File, Format Version 12.00
# Visual Studio 15
VisualStudioVersion = 15.0.26730.15
MinimumVisualStudioVersion = 10.0.40219.1
Project("{FAE04EC0-301F-11D3-BF4B-00C04F79EFBC}") = "WebApi", "WebApi\WebApi.csproj", "{ACF81AAF-B431-4855-A75D-50B3C2491A20}"
EndProject
Project("{FAE04EC0-301F-11D3-BF4B-00C04F79EFBC}") = "Business", "Business\Business.csproj", "{FE563DD1-7836-434C-8C81-EF25D268B529}"
EndProject
Global
	GlobalSection(SolutionConfigurationPlatforms) = preSolution
		Debug|Any CPU = Debug|Any CPU
		Release|Any CPU = Release|Any CPU
	EndGlobalSection
	GlobalSection(ProjectConfigurationPlatforms) = postSolution
		{ACF81AAF-B431-4855-A75D-50B3C2491A20}.Debug|Any CPU.ActiveCfg = Debug|Any CPU
		{ACF81AAF-B431-4855-A75D-50B3C2491A20}.Debug|Any CPU.Build.0 = Debug|Any CPU
		{ACF81AAF-B431-4855-A75D-50B3C2491A20}.Release|Any CPU.ActiveCfg = Release|Any CPU
		{ACF81AAF-B431-4855-A75D-50B3C2491A20}.Release|Any CPU.Build.0 = Release|Any CPU
		{FE563DD1-7836-434C-8C81-EF25D268B529}.Debug|Any CPU.ActiveCfg = Debug|Any CPU
		{FE563DD1-7836-434C-8C81-EF25D268B529}.Debug|Any CPU.Build.0 = Debug|Any CPU
		{FE563DD1-7836-434C-8C81-EF25D268B529}.Release|Any CPU.ActiveCfg = Release|Any CPU
		{FE563DD1-7836-434C-8C81-EF25D268B529}.Release|Any CPU.Build.0 = Release|Any CPU
	EndGlobalSection
	GlobalSection(SolutionProperties) = preSolution
		HideSolutionNode = FALSE
	EndGlobalSection
	GlobalSection(ExtensibilityGlobals) = postSolution
		SolutionGuid = {DCAB7450-8D9D-42E2-9616-0FE6A9D66D60}
	EndGlobalSection
EndGlobal
